
Microsoft Visual Studio Solution File, Format Version 12.00
# Visual Studio 16
Project("{FAE04EC0-301F-11D3-BF4B-00C04F79EFBC}") = "AstarPathfindingProject", "AstarPathfindingProject.csproj", "{5671A944-8BE9-ABA2-E789-4EF4D63CC6F7}"
EndProject
Project("{FAE04EC0-301F-11D3-BF4B-00C04F79EFBC}") = "Assembly-CSharp", "Assembly-CSharp.csproj", "{B0D0981A-687D-1914-DE5C-464FC1F69D06}"
EndProject
Project("{FAE04EC0-301F-11D3-BF4B-00C04F79EFBC}") = "AstarPathfindingProjectEditor", "AstarPathfindingProjectEditor.csproj", "{FB7EDC94-508F-371F-15F2-4CE598EE20E1}"
EndProject
Project("{FAE04EC0-301F-11D3-BF4B-00C04F79EFBC}") = "PackageToolsEditor", "PackageToolsEditor.csproj", "{1B701573-3DB0-8D3B-8A27-5E87FE84C454}"
EndProject
Global
	GlobalSection(SolutionConfigurationPlatforms) = preSolution
		Debug|Any CPU = Debug|Any CPU
		Release|Any CPU = Release|Any CPU
	EndGlobalSection
	GlobalSection(ProjectConfigurationPlatforms) = postSolution
		{5671A944-8BE9-ABA2-E789-4EF4D63CC6F7}.Debug|Any CPU.ActiveCfg = Debug|Any CPU
		{5671A944-8BE9-ABA2-E789-4EF4D63CC6F7}.Debug|Any CPU.Build.0 = Debug|Any CPU
		{5671A944-8BE9-ABA2-E789-4EF4D63CC6F7}.Release|Any CPU.ActiveCfg = Release|Any CPU
		{5671A944-8BE9-ABA2-E789-4EF4D63CC6F7}.Release|Any CPU.Build.0 = Release|Any CPU
		{B0D0981A-687D-1914-DE5C-464FC1F69D06}.Debug|Any CPU.ActiveCfg = Debug|Any CPU
		{B0D0981A-687D-1914-DE5C-464FC1F69D06}.Debug|Any CPU.Build.0 = Debug|Any CPU
		{B0D0981A-687D-1914-DE5C-464FC1F69D06}.Release|Any CPU.ActiveCfg = Release|Any CPU
		{B0D0981A-687D-1914-DE5C-464FC1F69D06}.Release|Any CPU.Build.0 = Release|Any CPU
		{FB7EDC94-508F-371F-15F2-4CE598EE20E1}.Debug|Any CPU.ActiveCfg = Debug|Any CPU
		{FB7EDC94-508F-371F-15F2-4CE598EE20E1}.Debug|Any CPU.Build.0 = Debug|Any CPU
		{FB7EDC94-508F-371F-15F2-4CE598EE20E1}.Release|Any CPU.ActiveCfg = Release|Any CPU
		{FB7EDC94-508F-371F-15F2-4CE598EE20E1}.Release|Any CPU.Build.0 = Release|Any CPU
		{1B701573-3DB0-8D3B-8A27-5E87FE84C454}.Debug|Any CPU.ActiveCfg = Debug|Any CPU
		{1B701573-3DB0-8D3B-8A27-5E87FE84C454}.Debug|Any CPU.Build.0 = Debug|Any CPU
		{1B701573-3DB0-8D3B-8A27-5E87FE84C454}.Release|Any CPU.ActiveCfg = Release|Any CPU
		{1B701573-3DB0-8D3B-8A27-5E87FE84C454}.Release|Any CPU.Build.0 = Release|Any CPU
	EndGlobalSection
	GlobalSection(SolutionProperties) = preSolution
		HideSolutionNode = FALSE
	EndGlobalSection
EndGlobal
